// !$*UTF8*$!
{
	archiveVersion = 1;
	classes = {
	};
	objectVersion = 50;
	objects = {

/* Begin PBXBuildFile section */
		3A83642F21D64F6400CF84EC /* Tshirt.cpp in Sources */ = {isa = PBXBuildFile; fileRef = 3A83642D21D64F6400CF84EC /* Tshirt.cpp */; };
		3A83643721D6500500CF84EC /* Shorts.cpp in Sources */ = {isa = PBXBuildFile; fileRef = 3A83643521D6500500CF84EC /* Shorts.cpp */; };
		3A83643A21D6501C00CF84EC /* Shirt.cpp in Sources */ = {isa = PBXBuildFile; fileRef = 3A83643821D6501C00CF84EC /* Shirt.cpp */; };
		3A83643F21D6772100CF84EC /* LongSleeve.cpp in Sources */ = {isa = PBXBuildFile; fileRef = 3A83643D21D6772100CF84EC /* LongSleeve.cpp */; };
		3A83644221D798D400CF84EC /* Pants.cpp in Sources */ = {isa = PBXBuildFile; fileRef = 3A83644021D798D400CF84EC /* Pants.cpp */; };
		3A8B2CAE21A02B7700A3BD26 /* mainClothingStorage.cpp in Sources */ = {isa = PBXBuildFile; fileRef = 3A8B2CAD21A02B7700A3BD26 /* mainClothingStorage.cpp */; };
		3A8B2CBC21A0C9B200A3BD26 /* storage.cpp in Sources */ = {isa = PBXBuildFile; fileRef = 3A8B2CBA21A0C9B200A3BD26 /* storage.cpp */; };
		3A8B2CBF21A0E15A00A3BD26 /* place.cpp in Sources */ = {isa = PBXBuildFile; fileRef = 3A8B2CBD21A0E15A00A3BD26 /* place.cpp */; };
/* End PBXBuildFile section */

/* Begin PBXCopyFilesBuildPhase section */
		3A8B2CA821A02B7700A3BD26 /* CopyFiles */ = {
			isa = PBXCopyFilesBuildPhase;
			buildActionMask = 2147483647;
			dstPath = /usr/share/man/man1/;
			dstSubfolderSpec = 0;
			files = (
			);
			runOnlyForDeploymentPostprocessing = 1;
		};
/* End PBXCopyFilesBuildPhase section */

/* Begin PBXFileReference section */
		3A83642D21D64F6400CF84EC /* Tshirt.cpp */ = {isa = PBXFileReference; lastKnownFileType = sourcecode.cpp.cpp; path = Tshirt.cpp; sourceTree = "<group>"; };
		3A83642E21D64F6400CF84EC /* Tshirt.hpp */ = {isa = PBXFileReference; lastKnownFileType = sourcecode.cpp.h; path = Tshirt.hpp; sourceTree = "<group>"; };
		3A83643521D6500500CF84EC /* Shorts.cpp */ = {isa = PBXFileReference; lastKnownFileType = sourcecode.cpp.cpp; path = Shorts.cpp; sourceTree = "<group>"; };
		3A83643621D6500500CF84EC /* Shorts.hpp */ = {isa = PBXFileReference; lastKnownFileType = sourcecode.cpp.h; path = Shorts.hpp; sourceTree = "<group>"; };
		3A83643821D6501C00CF84EC /* Shirt.cpp */ = {isa = PBXFileReference; lastKnownFileType = sourcecode.cpp.cpp; path = Shirt.cpp; sourceTree = "<group>"; };
		3A83643921D6501C00CF84EC /* Shirt.hpp */ = {isa = PBXFileReference; lastKnownFileType = sourcecode.cpp.h; path = Shirt.hpp; sourceTree = "<group>"; };
		3A83643D21D6772100CF84EC /* LongSleeve.cpp */ = {isa = PBXFileReference; lastKnownFileType = sourcecode.cpp.cpp; path = LongSleeve.cpp; sourceTree = "<group>"; };
		3A83643E21D6772100CF84EC /* LongSleeve.hpp */ = {isa = PBXFileReference; lastKnownFileType = sourcecode.cpp.h; path = LongSleeve.hpp; sourceTree = "<group>"; };
		3A83644021D798D400CF84EC /* Pants.cpp */ = {isa = PBXFileReference; lastKnownFileType = sourcecode.cpp.cpp; path = Pants.cpp; sourceTree = "<group>"; };
		3A83644121D798D400CF84EC /* Pants.hpp */ = {isa = PBXFileReference; lastKnownFileType = sourcecode.cpp.h; path = Pants.hpp; sourceTree = "<group>"; };
		3A83644921D7F1FA00CF84EC /* helpers.hpp */ = {isa = PBXFileReference; lastKnownFileType = sourcecode.cpp.h; path = helpers.hpp; sourceTree = "<group>"; };
		3A8B2CAA21A02B7700A3BD26 /* clothingStorage */ = {isa = PBXFileReference; explicitFileType = "compiled.mach-o.executable"; includeInIndex = 0; path = clothingStorage; sourceTree = BUILT_PRODUCTS_DIR; };
		3A8B2CAD21A02B7700A3BD26 /* mainClothingStorage.cpp */ = {isa = PBXFileReference; lastKnownFileType = sourcecode.cpp.cpp; path = mainClothingStorage.cpp; sourceTree = "<group>"; };
		3A8B2CB821A0C62600A3BD26 /* cloth.hpp */ = {isa = PBXFileReference; lastKnownFileType = sourcecode.cpp.h; path = cloth.hpp; sourceTree = "<group>"; };
		3A8B2CBA21A0C9B200A3BD26 /* storage.cpp */ = {isa = PBXFileReference; lastKnownFileType = sourcecode.cpp.cpp; path = storage.cpp; sourceTree = "<group>"; };
		3A8B2CBB21A0C9B200A3BD26 /* storage.hpp */ = {isa = PBXFileReference; lastKnownFileType = sourcecode.cpp.h; path = storage.hpp; sourceTree = "<group>"; };
		3A8B2CBD21A0E15A00A3BD26 /* place.cpp */ = {isa = PBXFileReference; lastKnownFileType = sourcecode.cpp.cpp; path = place.cpp; sourceTree = "<group>"; };
		3A8B2CBE21A0E15A00A3BD26 /* place.hpp */ = {isa = PBXFileReference; lastKnownFileType = sourcecode.cpp.h; path = place.hpp; sourceTree = "<group>"; };
		3A8B2CC121A0E5E500A3BD26 /* README */ = {isa = PBXFileReference; lastKnownFileType = text; path = README; sourceTree = "<group>"; };
/* End PBXFileReference section */

/* Begin PBXFrameworksBuildPhase section */
		3A8B2CA721A02B7700A3BD26 /* Frameworks */ = {
			isa = PBXFrameworksBuildPhase;
			buildActionMask = 2147483647;
			files = (
			);
			runOnlyForDeploymentPostprocessing = 0;
		};
/* End PBXFrameworksBuildPhase section */

/* Begin PBXGroup section */
		3A83643021D64F7500CF84EC /* UP */ = {
			isa = PBXGroup;
			children = (
				3A83642E21D64F6400CF84EC /* Tshirt.hpp */,
				3A83642D21D64F6400CF84EC /* Tshirt.cpp */,
				3A83643E21D6772100CF84EC /* LongSleeve.hpp */,
				3A83643D21D6772100CF84EC /* LongSleeve.cpp */,
				3A83643921D6501C00CF84EC /* Shirt.hpp */,
				3A83643821D6501C00CF84EC /* Shirt.cpp */,
			);
			path = UP;
			sourceTree = "<group>";
		};
		3A83643121D64F9800CF84EC /* Down */ = {
			isa = PBXGroup;
			children = (
				3A83643621D6500500CF84EC /* Shorts.hpp */,
				3A83643521D6500500CF84EC /* Shorts.cpp */,
				3A83644121D798D400CF84EC /* Pants.hpp */,
				3A83644021D798D400CF84EC /* Pants.cpp */,
			);
			path = Down;
			sourceTree = "<group>";
		};
		3A83643B21D6503200CF84EC /* main */ = {
			isa = PBXGroup;
			children = (
				3A8B2CAD21A02B7700A3BD26 /* mainClothingStorage.cpp */,
				3A8B2CB821A0C62600A3BD26 /* cloth.hpp */,
				3A8B2CBE21A0E15A00A3BD26 /* place.hpp */,
				3A8B2CBD21A0E15A00A3BD26 /* place.cpp */,
				3A8B2CBB21A0C9B200A3BD26 /* storage.hpp */,
				3A8B2CBA21A0C9B200A3BD26 /* storage.cpp */,
				3A83644921D7F1FA00CF84EC /* helpers.hpp */,
			);
			path = main;
			sourceTree = "<group>";
		};
		3A8B2CA121A02B7700A3BD26 = {
			isa = PBXGroup;
			children = (
				3A8B2CC121A0E5E500A3BD26 /* README */,
				3A83643021D64F7500CF84EC /* UP */,
				3A83643121D64F9800CF84EC /* Down */,
				3A83643B21D6503200CF84EC /* main */,
				3A8B2CAB21A02B7700A3BD26 /* Products */,
			);
			sourceTree = "<group>";
		};
		3A8B2CAB21A02B7700A3BD26 /* Products */ = {
			isa = PBXGroup;
			children = (
				3A8B2CAA21A02B7700A3BD26 /* clothingStorage */,
			);
			name = Products;
			sourceTree = "<group>";
		};
/* End PBXGroup section */

/* Begin PBXNativeTarget section */
		3A8B2CA921A02B7700A3BD26 /* clothingStorage */ = {
			isa = PBXNativeTarget;
			buildConfigurationList = 3A8B2CB121A02B7700A3BD26 /* Build configuration list for PBXNativeTarget "clothingStorage" */;
			buildPhases = (
				3A8B2CA621A02B7700A3BD26 /* Sources */,
				3A8B2CA721A02B7700A3BD26 /* Frameworks */,
				3A8B2CA821A02B7700A3BD26 /* CopyFiles */,
			);
			buildRules = (
			);
			dependencies = (
			);
			name = clothingStorage;
			productName = clothingStorage;
			productReference = 3A8B2CAA21A02B7700A3BD26 /* clothingStorage */;
			productType = "com.apple.product-type.tool";
		};
/* End PBXNativeTarget section */

/* Begin PBXProject section */
		3A8B2CA221A02B7700A3BD26 /* Project object */ = {
			isa = PBXProject;
			attributes = {
				LastUpgradeCheck = 1010;
				ORGANIZATIONNAME = "Mac Artur";
				TargetAttributes = {
					3A8B2CA921A02B7700A3BD26 = {
						CreatedOnToolsVersion = 10.1;
					};
				};
			};
			buildConfigurationList = 3A8B2CA521A02B7700A3BD26 /* Build configuration list for PBXProject "clothingStorage" */;
			compatibilityVersion = "Xcode 9.3";
			developmentRegion = en;
			hasScannedForEncodings = 0;
			knownRegions = (
				en,
			);
			mainGroup = 3A8B2CA121A02B7700A3BD26;
			productRefGroup = 3A8B2CAB21A02B7700A3BD26 /* Products */;
			projectDirPath = "";
			projectRoot = "";
			targets = (
				3A8B2CA921A02B7700A3BD26 /* clothingStorage */,
			);
		};
/* End PBXProject section */

/* Begin PBXSourcesBuildPhase section */
		3A8B2CA621A02B7700A3BD26 /* Sources */ = {
			isa = PBXSourcesBuildPhase;
			buildActionMask = 2147483647;
			files = (
				3A8B2CBC21A0C9B200A3BD26 /* storage.cpp in Sources */,
				3A83643A21D6501C00CF84EC /* Shirt.cpp in Sources */,
				3A83643F21D6772100CF84EC /* LongSleeve.cpp in Sources */,
				3A83644221D798D400CF84EC /* Pants.cpp in Sources */,
				3A83642F21D64F6400CF84EC /* Tshirt.cpp in Sources */,
				3A83643721D6500500CF84EC /* Shorts.cpp in Sources */,
				3A8B2CAE21A02B7700A3BD26 /* mainClothingStorage.cpp in Sources */,
				3A8B2CBF21A0E15A00A3BD26 /* place.cpp in Sources */,
			);
			runOnlyForDeploymentPostprocessing = 0;
		};
/* End PBXSourcesBuildPhase section */

/* Begin XCBuildConfiguration section */
		3A8B2CAF21A02B7700A3BD26 /* Debug */ = {
			isa = XCBuildConfiguration;
			buildSettings = {
				ALWAYS_SEARCH_USER_PATHS = NO;
				CLANG_ANALYZER_NONNULL = YES;
				CLANG_ANALYZER_NUMBER_OBJECT_CONVERSION = YES_AGGRESSIVE;
				CLANG_CXX_LANGUAGE_STANDARD = "gnu++14";
				CLANG_CXX_LIBRARY = "libc++";
				CLANG_ENABLE_MODULES = YES;
				CLANG_ENABLE_OBJC_ARC = YES;
				CLANG_ENABLE_OBJC_WEAK = YES;
				CLANG_WARN_BLOCK_CAPTURE_AUTORELEASING = YES;
				CLANG_WARN_BOOL_CONVERSION = YES;
				CLANG_WARN_COMMA = YES;
				CLANG_WARN_CONSTANT_CONVERSION = YES;
				CLANG_WARN_DEPRECATED_OBJC_IMPLEMENTATIONS = YES;
				CLANG_WARN_DIRECT_OBJC_ISA_USAGE = YES_ERROR;
				CLANG_WARN_DOCUMENTATION_COMMENTS = YES;
				CLANG_WARN_EMPTY_BODY = YES;
				CLANG_WARN_ENUM_CONVERSION = YES;
				CLANG_WARN_INFINITE_RECURSION = YES;
				CLANG_WARN_INT_CONVERSION = YES;
				CLANG_WARN_NON_LITERAL_NULL_CONVERSION = YES;
				CLANG_WARN_OBJC_IMPLICIT_RETAIN_SELF = YES;
				CLANG_WARN_OBJC_LITERAL_CONVERSION = YES;
				CLANG_WARN_OBJC_ROOT_CLASS = YES_ERROR;
				CLANG_WARN_RANGE_LOOP_ANALYSIS = YES;
				CLANG_WARN_STRICT_PROTOTYPES = YES;
				CLANG_WARN_SUSPICIOUS_MOVE = YES;
				CLANG_WARN_UNGUARDED_AVAILABILITY = YES_AGGRESSIVE;
				CLANG_WARN_UNREACHABLE_CODE = YES;
				CLANG_WARN__DUPLICATE_METHOD_MATCH = YES;
				CODE_SIGN_IDENTITY = "Mac Developer";
				COPY_PHASE_STRIP = NO;
				DEBUG_INFORMATION_FORMAT = dwarf;
				ENABLE_STRICT_OBJC_MSGSEND = YES;
				ENABLE_TESTABILITY = YES;
				GCC_C_LANGUAGE_STANDARD = gnu11;
				GCC_DYNAMIC_NO_PIC = NO;
				GCC_NO_COMMON_BLOCKS = YES;
				GCC_OPTIMIZATION_LEVEL = 0;
				GCC_PREPROCESSOR_DEFINITIONS = (
					"DEBUG=1",
					"$(inherited)",
				);
				GCC_WARN_64_TO_32_BIT_CONVERSION = YES;
				GCC_WARN_ABOUT_RETURN_TYPE = YES_ERROR;
				GCC_WARN_UNDECLARED_SELECTOR = YES;
				GCC_WARN_UNINITIALIZED_AUTOS = YES_AGGRESSIVE;
				GCC_WARN_UNUSED_FUNCTION = YES;
				GCC_WARN_UNUSED_VARIABLE = YES;
				MACOSX_DEPLOYMENT_TARGET = 10.14;
				MTL_ENABLE_DEBUG_INFO = INCLUDE_SOURCE;
				MTL_FAST_MATH = YES;
				ONLY_ACTIVE_ARCH = YES;
				SDKROOT = macosx;
			};
			name = Debug;
		};
		3A8B2CB021A02B7700A3BD26 /* Release */ = {
			isa = XCBuildConfiguration;
			buildSettings = {
				ALWAYS_SEARCH_USER_PATHS = NO;
				CLANG_ANALYZER_NONNULL = YES;
				CLANG_ANALYZER_NUMBER_OBJECT_CONVERSION = YES_AGGRESSIVE;
				CLANG_CXX_LANGUAGE_STANDARD = "gnu++14";
				CLANG_CXX_LIBRARY = "libc++";
				CLANG_ENABLE_MODULES = YES;
				CLANG_ENABLE_OBJC_ARC = YES;
				CLANG_ENABLE_OBJC_WEAK = YES;
				CLANG_WARN_BLOCK_CAPTURE_AUTORELEASING = YES;
				CLANG_WARN_BOOL_CONVERSION = YES;
				CLANG_WARN_COMMA = YES;
				CLANG_WARN_CONSTANT_CONVERSION = YES;
				CLANG_WARN_DEPRECATED_OBJC_IMPLEMENTATIONS = YES;
				CLANG_WARN_DIRECT_OBJC_ISA_USAGE = YES_ERROR;
				CLANG_WARN_DOCUMENTATION_COMMENTS = YES;
				CLANG_WARN_EMPTY_BODY = YES;
				CLANG_WARN_ENUM_CONVERSION = YES;
				CLANG_WARN_INFINITE_RECURSION = YES;
				CLANG_WARN_INT_CONVERSION = YES;
				CLANG_WARN_NON_LITERAL_NULL_CONVERSION = YES;
				CLANG_WARN_OBJC_IMPLICIT_RETAIN_SELF = YES;
				CLANG_WARN_OBJC_LITERAL_CONVERSION = YES;
				CLANG_WARN_OBJC_ROOT_CLASS = YES_ERROR;
				CLANG_WARN_RANGE_LOOP_ANALYSIS = YES;
				CLANG_WARN_STRICT_PROTOTYPES = YES;
				CLANG_WARN_SUSPICIOUS_MOVE = YES;
				CLANG_WARN_UNGUARDED_AVAILABILITY = YES_AGGRESSIVE;
				CLANG_WARN_UNREACHABLE_CODE = YES;
				CLANG_WARN__DUPLICATE_METHOD_MATCH = YES;
				CODE_SIGN_IDENTITY = "Mac Developer";
				COPY_PHASE_STRIP = NO;
				DEBUG_INFORMATION_FORMAT = "dwarf-with-dsym";
				ENABLE_NS_ASSERTIONS = NO;
				ENABLE_STRICT_OBJC_MSGSEND = YES;
				GCC_C_LANGUAGE_STANDARD = gnu11;
				GCC_NO_COMMON_BLOCKS = YES;
				GCC_WARN_64_TO_32_BIT_CONVERSION = YES;
				GCC_WARN_ABOUT_RETURN_TYPE = YES_ERROR;
				GCC_WARN_UNDECLARED_SELECTOR = YES;
				GCC_WARN_UNINITIALIZED_AUTOS = YES_AGGRESSIVE;
				GCC_WARN_UNUSED_FUNCTION = YES;
				GCC_WARN_UNUSED_VARIABLE = YES;
				MACOSX_DEPLOYMENT_TARGET = 10.14;
				MTL_ENABLE_DEBUG_INFO = NO;
				MTL_FAST_MATH = YES;
				SDKROOT = macosx;
			};
			name = Release;
		};
		3A8B2CB221A02B7700A3BD26 /* Debug */ = {
			isa = XCBuildConfiguration;
			buildSettings = {
				CODE_SIGN_STYLE = Automatic;
				DEVELOPMENT_TEAM = ENYNN9L389;
				PRODUCT_NAME = "$(TARGET_NAME)";
			};
			name = Debug;
		};
		3A8B2CB321A02B7700A3BD26 /* Release */ = {
			isa = XCBuildConfiguration;
			buildSettings = {
				CODE_SIGN_STYLE = Automatic;
				DEVELOPMENT_TEAM = ENYNN9L389;
				PRODUCT_NAME = "$(TARGET_NAME)";
			};
			name = Release;
		};
/* End XCBuildConfiguration section */

/* Begin XCConfigurationList section */
		3A8B2CA521A02B7700A3BD26 /* Build configuration list for PBXProject "clothingStorage" */ = {
			isa = XCConfigurationList;
			buildConfigurations = (
				3A8B2CAF21A02B7700A3BD26 /* Debug */,
				3A8B2CB021A02B7700A3BD26 /* Release */,
			);
			defaultConfigurationIsVisible = 0;
			defaultConfigurationName = Release;
		};
		3A8B2CB121A02B7700A3BD26 /* Build configuration list for PBXNativeTarget "clothingStorage" */ = {
			isa = XCConfigurationList;
			buildConfigurations = (
				3A8B2CB221A02B7700A3BD26 /* Debug */,
				3A8B2CB321A02B7700A3BD26 /* Release */,
			);
			defaultConfigurationIsVisible = 0;
			defaultConfigurationName = Release;
		};
/* End XCConfigurationList section */
	};
	rootObject = 3A8B2CA221A02B7700A3BD26 /* Project object */;
}
